
Microsoft Visual Studio Solution File, Format Version 12.00
# Visual Studio Version 18
VisualStudioVersion = 18.3.11512.155
MinimumVisualStudioVersion = 10.0.40219.1
Project("{FAE04EC0-301F-11D3-BF4B-00C04F79EFBC}") = "ExtCharlistAPI", "ExtCharlist\ExtCharlistAPI.csproj", "{5E5699B5-CC0B-4784-B512-171DB60CF242}"
EndProject
Project("{2150E333-8FDC-42A3-9474-1A3956D46DE8}") = "README", "README", "{0D41EB00-6005-49D6-B737-147CCA064F01}"
EndProject
Project("{FAE04EC0-301F-11D3-BF4B-00C04F79EFBC}") = "ExtCharlistLibrary", "ExtCharlistLibrary\ExtCharlistLibrary.csproj", "{51930FE5-DD1C-4466-A91C-5DE8113A197C}"
EndProject
Project("{FAE04EC0-301F-11D3-BF4B-00C04F79EFBC}") = "ExtCharistWebApp", "CharListWebApp\ExtCharistWebApp.csproj", "{14C0E7C5-07CE-47D4-83A6-DE4844AC6B2F}"
EndProject
Global
	GlobalSection(SolutionConfigurationPlatforms) = preSolution
		Debug|Any CPU = Debug|Any CPU
		Release|Any CPU = Release|Any CPU
	EndGlobalSection
	GlobalSection(ProjectConfigurationPlatforms) = postSolution
		{5E5699B5-CC0B-4784-B512-171DB60CF242}.Debug|Any CPU.ActiveCfg = Debug|Any CPU
		{5E5699B5-CC0B-4784-B512-171DB60CF242}.Debug|Any CPU.Build.0 = Debug|Any CPU
		{5E5699B5-CC0B-4784-B512-171DB60CF242}.Release|Any CPU.ActiveCfg = Release|Any CPU
		{5E5699B5-CC0B-4784-B512-171DB60CF242}.Release|Any CPU.Build.0 = Release|Any CPU
		{51930FE5-DD1C-4466-A91C-5DE8113A197C}.Debug|Any CPU.ActiveCfg = Debug|Any CPU
		{51930FE5-DD1C-4466-A91C-5DE8113A197C}.Debug|Any CPU.Build.0 = Debug|Any CPU
		{51930FE5-DD1C-4466-A91C-5DE8113A197C}.Release|Any CPU.ActiveCfg = Release|Any CPU
		{51930FE5-DD1C-4466-A91C-5DE8113A197C}.Release|Any CPU.Build.0 = Release|Any CPU
		{14C0E7C5-07CE-47D4-83A6-DE4844AC6B2F}.Debug|Any CPU.ActiveCfg = Debug|Any CPU
		{14C0E7C5-07CE-47D4-83A6-DE4844AC6B2F}.Debug|Any CPU.Build.0 = Debug|Any CPU
		{14C0E7C5-07CE-47D4-83A6-DE4844AC6B2F}.Release|Any CPU.ActiveCfg = Release|Any CPU
		{14C0E7C5-07CE-47D4-83A6-DE4844AC6B2F}.Release|Any CPU.Build.0 = Release|Any CPU
	EndGlobalSection
	GlobalSection(SolutionProperties) = preSolution
		HideSolutionNode = FALSE
	EndGlobalSection
	GlobalSection(ExtensibilityGlobals) = postSolution
		SolutionGuid = {9654D0B8-C6EA-4105-8AEB-7C389430ECDE}
	EndGlobalSection
EndGlobal
