Microsoft Visual Studio Solution File, Format Version 12.00
# Visual Studio Version 17
VisualStudioVersion = 17.5.2.0
MinimumVisualStudioVersion = 10.0.40219.1
Project("{FAE04EC0-301F-11D3-BF4B-00C04F79EFBC}") = "ExtCharlistWebApp.Client", "ExtCharlistWebApp.Client\ExtCharlistWebApp.Client.csproj", "{3AE9A59A-C486-2730-D4D8-DA59858BDE3F}"
EndProject
Project("{FAE04EC0-301F-11D3-BF4B-00C04F79EFBC}") = "ExtCharlistWebApp", "ExtCharlistWebApp\ExtCharlistWebApp.csproj", "{F54E5E84-6C3B-3530-E65D-3BF54D84C0E7}"
EndProject
Global
	GlobalSection(SolutionConfigurationPlatforms) = preSolution
		Debug|Any CPU = Debug|Any CPU
		Release|Any CPU = Release|Any CPU
	EndGlobalSection
	GlobalSection(ProjectConfigurationPlatforms) = postSolution
		{3AE9A59A-C486-2730-D4D8-DA59858BDE3F}.Debug|Any CPU.ActiveCfg = Debug|Any CPU
		{3AE9A59A-C486-2730-D4D8-DA59858BDE3F}.Debug|Any CPU.Build.0 = Debug|Any CPU
		{3AE9A59A-C486-2730-D4D8-DA59858BDE3F}.Release|Any CPU.ActiveCfg = Release|Any CPU
		{3AE9A59A-C486-2730-D4D8-DA59858BDE3F}.Release|Any CPU.Build.0 = Release|Any CPU
		{F54E5E84-6C3B-3530-E65D-3BF54D84C0E7}.Debug|Any CPU.ActiveCfg = Debug|Any CPU
		{F54E5E84-6C3B-3530-E65D-3BF54D84C0E7}.Debug|Any CPU.Build.0 = Debug|Any CPU
		{F54E5E84-6C3B-3530-E65D-3BF54D84C0E7}.Release|Any CPU.ActiveCfg = Release|Any CPU
		{F54E5E84-6C3B-3530-E65D-3BF54D84C0E7}.Release|Any CPU.Build.0 = Release|Any CPU
	EndGlobalSection
	GlobalSection(SolutionProperties) = preSolution
		HideSolutionNode = FALSE
	EndGlobalSection
	GlobalSection(ExtensibilityGlobals) = postSolution
		SolutionGuid = {789244EB-FF96-4A23-B9BB-041110E3D00D}
	EndGlobalSection
EndGlobal
